
Microsoft Visual Studio Solution File, Format Version 12.00
# Visual Studio Version 17
VisualStudioVersion = 17.9.34728.123
MinimumVisualStudioVersion = 10.0.40219.1
Project("{FAE04EC0-301F-11D3-BF4B-00C04F79EFBC}") = "AsyncVisualization", "AsyncVisualization\AsyncVisualization.csproj", "{205D9759-D870-4951-8708-4613CE3059E0}"
EndProject
Global
	GlobalSection(SolutionConfigurationPlatforms) = preSolution
		Debug|Any CPU = Debug|Any CPU
		Release|Any CPU = Release|Any CPU
	EndGlobalSection
	GlobalSection(ProjectConfigurationPlatforms) = postSolution
		{205D9759-D870-4951-8708-4613CE3059E0}.Debug|Any CPU.ActiveCfg = Debug|Any CPU
		{205D9759-D870-4951-8708-4613CE3059E0}.Debug|Any CPU.Build.0 = Debug|Any CPU
		{205D9759-D870-4951-8708-4613CE3059E0}.Release|Any CPU.ActiveCfg = Release|Any CPU
		{205D9759-D870-4951-8708-4613CE3059E0}.Release|Any CPU.Build.0 = Release|Any CPU
	EndGlobalSection
	GlobalSection(SolutionProperties) = preSolution
		HideSolutionNode = FALSE
	EndGlobalSection
	GlobalSection(ExtensibilityGlobals) = postSolution
		SolutionGuid = {34BC1B1E-CAD8-4A81-9799-059224D5D6E4}
	EndGlobalSection
EndGlobal
