
Microsoft Visual Studio Solution File, Format Version 12.00
# Visual Studio Version 17
VisualStudioVersion = 17.9.34728.123
MinimumVisualStudioVersion = 10.0.40219.1
Project("{FAE04EC0-301F-11D3-BF4B-00C04F79EFBC}") = "StudentManager", "StudentManager\StudentManager.csproj", "{FDD061CD-1BCA-4052-8BCE-530B46EF077B}"
EndProject
Global
	GlobalSection(SolutionConfigurationPlatforms) = preSolution
		Debug|Any CPU = Debug|Any CPU
		Release|Any CPU = Release|Any CPU
	EndGlobalSection
	GlobalSection(ProjectConfigurationPlatforms) = postSolution
		{FDD061CD-1BCA-4052-8BCE-530B46EF077B}.Debug|Any CPU.ActiveCfg = Debug|Any CPU
		{FDD061CD-1BCA-4052-8BCE-530B46EF077B}.Debug|Any CPU.Build.0 = Debug|Any CPU
		{FDD061CD-1BCA-4052-8BCE-530B46EF077B}.Release|Any CPU.ActiveCfg = Release|Any CPU
		{FDD061CD-1BCA-4052-8BCE-530B46EF077B}.Release|Any CPU.Build.0 = Release|Any CPU
	EndGlobalSection
	GlobalSection(SolutionProperties) = preSolution
		HideSolutionNode = FALSE
	EndGlobalSection
	GlobalSection(ExtensibilityGlobals) = postSolution
		SolutionGuid = {3934AEC0-5F5D-494E-B19B-A29D79F270D2}
	EndGlobalSection
EndGlobal
