
Microsoft Visual Studio Solution File, Format Version 12.00
# Visual Studio Version 17
VisualStudioVersion = 17.9.34728.123
MinimumVisualStudioVersion = 10.0.40219.1
Project("{FAE04EC0-301F-11D3-BF4B-00C04F79EFBC}") = "invokeMethod", "invokeMethod\invokeMethod.csproj", "{22A51DBF-C623-4ACD-9404-0BA72CAC90B7}"
EndProject
Project("{FAE04EC0-301F-11D3-BF4B-00C04F79EFBC}") = "ParallelFor", "ParallelFor\ParallelFor.csproj", "{7CCCC39D-352B-49DA-A9AF-850D11CB5064}"
EndProject
Project("{FAE04EC0-301F-11D3-BF4B-00C04F79EFBC}") = "CalcLib", "CalcLib\CalcLib.csproj", "{B12FD9BC-27B7-45DC-906B-A71A00EEB420}"
EndProject
Project("{FAE04EC0-301F-11D3-BF4B-00C04F79EFBC}") = "ParalleForEach", "ParalleForEach\ParalleForEach.csproj", "{155A0D26-99E0-41DD-9C5D-3A19BDCD78A9}"
EndProject
Global
	GlobalSection(SolutionConfigurationPlatforms) = preSolution
		Debug|Any CPU = Debug|Any CPU
		Release|Any CPU = Release|Any CPU
	EndGlobalSection
	GlobalSection(ProjectConfigurationPlatforms) = postSolution
		{22A51DBF-C623-4ACD-9404-0BA72CAC90B7}.Debug|Any CPU.ActiveCfg = Debug|Any CPU
		{22A51DBF-C623-4ACD-9404-0BA72CAC90B7}.Debug|Any CPU.Build.0 = Debug|Any CPU
		{22A51DBF-C623-4ACD-9404-0BA72CAC90B7}.Release|Any CPU.ActiveCfg = Release|Any CPU
		{22A51DBF-C623-4ACD-9404-0BA72CAC90B7}.Release|Any CPU.Build.0 = Release|Any CPU
		{7CCCC39D-352B-49DA-A9AF-850D11CB5064}.Debug|Any CPU.ActiveCfg = Debug|Any CPU
		{7CCCC39D-352B-49DA-A9AF-850D11CB5064}.Debug|Any CPU.Build.0 = Debug|Any CPU
		{7CCCC39D-352B-49DA-A9AF-850D11CB5064}.Release|Any CPU.ActiveCfg = Release|Any CPU
		{7CCCC39D-352B-49DA-A9AF-850D11CB5064}.Release|Any CPU.Build.0 = Release|Any CPU
		{B12FD9BC-27B7-45DC-906B-A71A00EEB420}.Debug|Any CPU.ActiveCfg = Debug|Any CPU
		{B12FD9BC-27B7-45DC-906B-A71A00EEB420}.Debug|Any CPU.Build.0 = Debug|Any CPU
		{B12FD9BC-27B7-45DC-906B-A71A00EEB420}.Release|Any CPU.ActiveCfg = Release|Any CPU
		{B12FD9BC-27B7-45DC-906B-A71A00EEB420}.Release|Any CPU.Build.0 = Release|Any CPU
		{155A0D26-99E0-41DD-9C5D-3A19BDCD78A9}.Debug|Any CPU.ActiveCfg = Debug|Any CPU
		{155A0D26-99E0-41DD-9C5D-3A19BDCD78A9}.Debug|Any CPU.Build.0 = Debug|Any CPU
		{155A0D26-99E0-41DD-9C5D-3A19BDCD78A9}.Release|Any CPU.ActiveCfg = Release|Any CPU
		{155A0D26-99E0-41DD-9C5D-3A19BDCD78A9}.Release|Any CPU.Build.0 = Release|Any CPU
	EndGlobalSection
	GlobalSection(SolutionProperties) = preSolution
		HideSolutionNode = FALSE
	EndGlobalSection
	GlobalSection(ExtensibilityGlobals) = postSolution
		SolutionGuid = {BF22B1E3-24C5-4A16-9E8E-7D1ED8E5B2F9}
	EndGlobalSection
EndGlobal
